
Microsoft Visual Studio Solution File, Format Version 12.00
# Visual Studio Version 17
VisualStudioVersion = 17.0.32014.148
MinimumVisualStudioVersion = 10.0.40219.1
Project("{FAE04EC0-301F-11D3-BF4B-00C04F79EFBC}") = "TddSample.Api", "TddSample.Api\TddSample.Api.csproj", "{2B1DD162-2787-4F30-BB40-A1BDD52EC5ED}"
EndProject
Project("{FAE04EC0-301F-11D3-BF4B-00C04F79EFBC}") = "TddSample.Api.Tests", "TddSample.Api.Tests\TddSample.Api.Tests.csproj", "{801F4527-E7EE-416C-A098-F72FA9129207}"
EndProject
Project("{FAE04EC0-301F-11D3-BF4B-00C04F79EFBC}") = "TddSample.Domain", "TddSample.Domain\TddSample.Domain.csproj", "{2A8940FD-46B3-4C73-8C41-01BD31A38712}"
EndProject
Global
	GlobalSection(SolutionConfigurationPlatforms) = preSolution
		Debug|Any CPU = Debug|Any CPU
		Release|Any CPU = Release|Any CPU
	EndGlobalSection
	GlobalSection(ProjectConfigurationPlatforms) = postSolution
		{2B1DD162-2787-4F30-BB40-A1BDD52EC5ED}.Debug|Any CPU.ActiveCfg = Debug|Any CPU
		{2B1DD162-2787-4F30-BB40-A1BDD52EC5ED}.Debug|Any CPU.Build.0 = Debug|Any CPU
		{2B1DD162-2787-4F30-BB40-A1BDD52EC5ED}.Release|Any CPU.ActiveCfg = Release|Any CPU
		{2B1DD162-2787-4F30-BB40-A1BDD52EC5ED}.Release|Any CPU.Build.0 = Release|Any CPU
		{801F4527-E7EE-416C-A098-F72FA9129207}.Debug|Any CPU.ActiveCfg = Debug|Any CPU
		{801F4527-E7EE-416C-A098-F72FA9129207}.Debug|Any CPU.Build.0 = Debug|Any CPU
		{801F4527-E7EE-416C-A098-F72FA9129207}.Release|Any CPU.ActiveCfg = Release|Any CPU
		{801F4527-E7EE-416C-A098-F72FA9129207}.Release|Any CPU.Build.0 = Release|Any CPU
		{2A8940FD-46B3-4C73-8C41-01BD31A38712}.Debug|Any CPU.ActiveCfg = Debug|Any CPU
		{2A8940FD-46B3-4C73-8C41-01BD31A38712}.Debug|Any CPU.Build.0 = Debug|Any CPU
		{2A8940FD-46B3-4C73-8C41-01BD31A38712}.Release|Any CPU.ActiveCfg = Release|Any CPU
		{2A8940FD-46B3-4C73-8C41-01BD31A38712}.Release|Any CPU.Build.0 = Release|Any CPU
	EndGlobalSection
	GlobalSection(SolutionProperties) = preSolution
		HideSolutionNode = FALSE
	EndGlobalSection
	GlobalSection(ExtensibilityGlobals) = postSolution
		SolutionGuid = {82A2CD05-49E5-4E83-9B0E-AAB5F3B69AA5}
	EndGlobalSection
EndGlobal
